
Microsoft Visual Studio Solution File, Format Version 12.00
# Visual Studio Version 17
VisualStudioVersion = 17.13.35818.85
MinimumVisualStudioVersion = 10.0.40219.1
Project("{FAE04EC0-301F-11D3-BF4B-00C04F79EFBC}") = "core.api", "src\core.api\core.api.csproj", "{81C698F8-B577-4E8B-B274-ED0699242166}"
EndProject
Project("{FAE04EC0-301F-11D3-BF4B-00C04F79EFBC}") = "core.product", "src\core.product\core.product.csproj", "{2E40C3BF-4068-41A7-BD0D-1AD4FE5A1929}"
EndProject
Project("{FAE04EC0-301F-11D3-BF4B-00C04F79EFBC}") = "core.utility", "src\core.utility\core.utility.csproj", "{3682326A-3C35-4A7B-BB43-B10C2A65D593}"
EndProject
Project("{FAE04EC0-301F-11D3-BF4B-00C04F79EFBC}") = "core.category", "src\core.category\core.category.csproj", "{D6BFCDD8-0246-40A2-B241-756FF6240B3F}"
EndProject
Global
	GlobalSection(SolutionConfigurationPlatforms) = preSolution
		Debug|Any CPU = Debug|Any CPU
		Release|Any CPU = Release|Any CPU
	EndGlobalSection
	GlobalSection(ProjectConfigurationPlatforms) = postSolution
		{81C698F8-B577-4E8B-B274-ED0699242166}.Debug|Any CPU.ActiveCfg = Debug|Any CPU
		{81C698F8-B577-4E8B-B274-ED0699242166}.Debug|Any CPU.Build.0 = Debug|Any CPU
		{81C698F8-B577-4E8B-B274-ED0699242166}.Release|Any CPU.ActiveCfg = Release|Any CPU
		{81C698F8-B577-4E8B-B274-ED0699242166}.Release|Any CPU.Build.0 = Release|Any CPU
		{2E40C3BF-4068-41A7-BD0D-1AD4FE5A1929}.Debug|Any CPU.ActiveCfg = Debug|Any CPU
		{2E40C3BF-4068-41A7-BD0D-1AD4FE5A1929}.Debug|Any CPU.Build.0 = Debug|Any CPU
		{2E40C3BF-4068-41A7-BD0D-1AD4FE5A1929}.Release|Any CPU.ActiveCfg = Release|Any CPU
		{2E40C3BF-4068-41A7-BD0D-1AD4FE5A1929}.Release|Any CPU.Build.0 = Release|Any CPU
		{3682326A-3C35-4A7B-BB43-B10C2A65D593}.Debug|Any CPU.ActiveCfg = Debug|Any CPU
		{3682326A-3C35-4A7B-BB43-B10C2A65D593}.Debug|Any CPU.Build.0 = Debug|Any CPU
		{3682326A-3C35-4A7B-BB43-B10C2A65D593}.Release|Any CPU.ActiveCfg = Release|Any CPU
		{3682326A-3C35-4A7B-BB43-B10C2A65D593}.Release|Any CPU.Build.0 = Release|Any CPU
		{D6BFCDD8-0246-40A2-B241-756FF6240B3F}.Debug|Any CPU.ActiveCfg = Debug|Any CPU
		{D6BFCDD8-0246-40A2-B241-756FF6240B3F}.Debug|Any CPU.Build.0 = Debug|Any CPU
		{D6BFCDD8-0246-40A2-B241-756FF6240B3F}.Release|Any CPU.ActiveCfg = Release|Any CPU
		{D6BFCDD8-0246-40A2-B241-756FF6240B3F}.Release|Any CPU.Build.0 = Release|Any CPU
	EndGlobalSection
	GlobalSection(SolutionProperties) = preSolution
		HideSolutionNode = FALSE
	EndGlobalSection
	GlobalSection(ExtensibilityGlobals) = postSolution
		SolutionGuid = {7019257A-A51D-4F3E-A970-00B799025FA2}
	EndGlobalSection
EndGlobal
